
Microsoft Visual Studio Solution File, Format Version 12.00
Project("{FAE04EC0-301F-11D3-BF4B-00C04F79EFBC}") = "GetOut", "GetOut.csproj", "{1A664570-4506-4779-A03F-C2B88AFCC2DC}"
EndProject
Global
	GlobalSection(SolutionConfigurationPlatforms) = preSolution
		Debug|Any CPU = Debug|Any CPU
		Release|Any CPU = Release|Any CPU
	EndGlobalSection
	GlobalSection(ProjectConfigurationPlatforms) = postSolution
		{1A664570-4506-4779-A03F-C2B88AFCC2DC}.Debug|Any CPU.ActiveCfg = Debug|Any CPU
		{1A664570-4506-4779-A03F-C2B88AFCC2DC}.Debug|Any CPU.Build.0 = Debug|Any CPU
		{1A664570-4506-4779-A03F-C2B88AFCC2DC}.Release|Any CPU.ActiveCfg = Release|Any CPU
		{1A664570-4506-4779-A03F-C2B88AFCC2DC}.Release|Any CPU.Build.0 = Release|Any CPU
	EndGlobalSection
EndGlobal
